
Microsoft Visual Studio Solution File, Format Version 12.00
# Visual Studio Version 17
VisualStudioVersion = 17.9.34607.119
MinimumVisualStudioVersion = 10.0.40219.1
Project("{FAE04EC0-301F-11D3-BF4B-00C04F79EFBC}") = "LoginCheker.API", "LoginCheker.API\LoginCheker.API.csproj", "{92298426-56C4-4D0A-ACC4-BD85E28942E8}"
EndProject
Project("{FAE04EC0-301F-11D3-BF4B-00C04F79EFBC}") = "LoginChecker.Domain", "LoginCheker.Domain\LoginChecker.Domain.csproj", "{C01FF279-599F-4BDD-B7D4-CEFB7AE1DA8D}"
EndProject
Project("{FAE04EC0-301F-11D3-BF4B-00C04F79EFBC}") = "LoginChecker.Application", "LoginChecker.Application\LoginChecker.Application.csproj", "{1118938E-FA43-49AB-830C-EDC7F616368D}"
EndProject
Project("{FAE04EC0-301F-11D3-BF4B-00C04F79EFBC}") = "LoginChecker.Infrastructure", "LoginChecker.Infrastructure\LoginChecker.Infrastructure.csproj", "{1ADABDD4-2BBD-45EC-9461-0276DE379829}"
EndProject
Global
	GlobalSection(SolutionConfigurationPlatforms) = preSolution
		Debug|Any CPU = Debug|Any CPU
		Release|Any CPU = Release|Any CPU
	EndGlobalSection
	GlobalSection(ProjectConfigurationPlatforms) = postSolution
		{92298426-56C4-4D0A-ACC4-BD85E28942E8}.Debug|Any CPU.ActiveCfg = Debug|Any CPU
		{92298426-56C4-4D0A-ACC4-BD85E28942E8}.Debug|Any CPU.Build.0 = Debug|Any CPU
		{92298426-56C4-4D0A-ACC4-BD85E28942E8}.Release|Any CPU.ActiveCfg = Release|Any CPU
		{92298426-56C4-4D0A-ACC4-BD85E28942E8}.Release|Any CPU.Build.0 = Release|Any CPU
		{C01FF279-599F-4BDD-B7D4-CEFB7AE1DA8D}.Debug|Any CPU.ActiveCfg = Debug|Any CPU
		{C01FF279-599F-4BDD-B7D4-CEFB7AE1DA8D}.Debug|Any CPU.Build.0 = Debug|Any CPU
		{C01FF279-599F-4BDD-B7D4-CEFB7AE1DA8D}.Release|Any CPU.ActiveCfg = Release|Any CPU
		{C01FF279-599F-4BDD-B7D4-CEFB7AE1DA8D}.Release|Any CPU.Build.0 = Release|Any CPU
		{1118938E-FA43-49AB-830C-EDC7F616368D}.Debug|Any CPU.ActiveCfg = Debug|Any CPU
		{1118938E-FA43-49AB-830C-EDC7F616368D}.Debug|Any CPU.Build.0 = Debug|Any CPU
		{1118938E-FA43-49AB-830C-EDC7F616368D}.Release|Any CPU.ActiveCfg = Release|Any CPU
		{1118938E-FA43-49AB-830C-EDC7F616368D}.Release|Any CPU.Build.0 = Release|Any CPU
		{1ADABDD4-2BBD-45EC-9461-0276DE379829}.Debug|Any CPU.ActiveCfg = Debug|Any CPU
		{1ADABDD4-2BBD-45EC-9461-0276DE379829}.Debug|Any CPU.Build.0 = Debug|Any CPU
		{1ADABDD4-2BBD-45EC-9461-0276DE379829}.Release|Any CPU.ActiveCfg = Release|Any CPU
		{1ADABDD4-2BBD-45EC-9461-0276DE379829}.Release|Any CPU.Build.0 = Release|Any CPU
	EndGlobalSection
	GlobalSection(SolutionProperties) = preSolution
		HideSolutionNode = FALSE
	EndGlobalSection
	GlobalSection(ExtensibilityGlobals) = postSolution
		SolutionGuid = {D60C0E71-0741-424E-AA68-FD27C54BA378}
	EndGlobalSection
EndGlobal
